Microsoft Visual Studio Solution File, Format Version 8.00
Project("{8BC9CEB8-8B4A-11D0-8D11-00A0C91BC942}") = "example", "example_py25.vcproj", "{836918EC-4441-4704-BDDF-F4A0851904A6}"
	ProjectSection(ProjectDependencies) = postProject
	EndProjectSection
	ProjectSection(ProjectDependencies) = postProject
	EndProjectSection
	ProjectSection(ProjectDependencies) = postProject
	EndProjectSection
EndProject
Project("{8BC9CEB8-8B4A-11D0-8D11-00A0C91BC942}") = "pycxx_iter", "pycxx_iter_py25.vcproj", "{C9D7D8CE-7ABB-4FB1-828F-9BD5C6C2AE7D}"
	ProjectSection(ProjectDependencies) = postProject
	EndProjectSection
	ProjectSection(ProjectDependencies) = postProject
	EndProjectSection
	ProjectSection(ProjectDependencies) = postProject
	EndProjectSection
EndProject
Project("{8BC9CEB8-8B4A-11D0-8D11-00A0C91BC942}") = "simple", "simple_py25.vcproj", "{25D7D8CE-7ABB-4FB1-828F-9BD5C6C2AE7D}"
	ProjectSection(ProjectDependencies) = postProject
	EndProjectSection
	ProjectSection(ProjectDependencies) = postProject
	EndProjectSection
	ProjectSection(ProjectDependencies) = postProject
	EndProjectSection
EndProject
Global
	GlobalSection(SolutionConfiguration) = preSolution
		Debug = Debug
		Release = Release
	EndGlobalSection
	GlobalSection(ProjectConfiguration) = postSolution
		{836918EC-4441-4704-BDDF-F4A0851904A6}.Debug.ActiveCfg = Debug|Win32
		{836918EC-4441-4704-BDDF-F4A0851904A6}.Debug.Build.0 = Debug|Win32
		{836918EC-4441-4704-BDDF-F4A0851904A6}.Release.ActiveCfg = Release|Win32
		{836918EC-4441-4704-BDDF-F4A0851904A6}.Release.Build.0 = Release|Win32
		{C9D7D8CE-7ABB-4FB1-828F-9BD5C6C2AE7D}.Debug.ActiveCfg = Debug|Win32
		{C9D7D8CE-7ABB-4FB1-828F-9BD5C6C2AE7D}.Debug.Build.0 = Debug|Win32
		{C9D7D8CE-7ABB-4FB1-828F-9BD5C6C2AE7D}.Release.ActiveCfg = Release|Win32
		{C9D7D8CE-7ABB-4FB1-828F-9BD5C6C2AE7D}.Release.Build.0 = Release|Win32
	EndGlobalSection
	GlobalSection(ExtensibilityGlobals) = postSolution
	EndGlobalSection
	GlobalSection(ExtensibilityAddIns) = postSolution
	EndGlobalSection
EndGlobal
